
Microsoft Visual Studio Solution File, Format Version 12.00
# Visual Studio Version 17
VisualStudioVersion = 17.14.36109.1
MinimumVisualStudioVersion = 10.0.40219.1
Project("{FAE04EC0-301F-11D3-BF4B-00C04F79EFBC}") = "NlBrute-GoodSender", "NlBrute-GoodSender.csproj", "{852242EE-2EB8-42FB-B66C-00B60B03D1C1}"
EndProject
Global
	GlobalSection(SolutionConfigurationPlatforms) = preSolution
		Debug|Any CPU = Debug|Any CPU
		Release|Any CPU = Release|Any CPU
	EndGlobalSection
	GlobalSection(ProjectConfigurationPlatforms) = postSolution
		{852242EE-2EB8-42FB-B66C-00B60B03D1C1}.Debug|Any CPU.ActiveCfg = Debug|Any CPU
		{852242EE-2EB8-42FB-B66C-00B60B03D1C1}.Debug|Any CPU.Build.0 = Debug|Any CPU
		{852242EE-2EB8-42FB-B66C-00B60B03D1C1}.Release|Any CPU.ActiveCfg = Release|Any CPU
		{852242EE-2EB8-42FB-B66C-00B60B03D1C1}.Release|Any CPU.Build.0 = Release|Any CPU
	EndGlobalSection
	GlobalSection(SolutionProperties) = preSolution
		HideSolutionNode = FALSE
	EndGlobalSection
	GlobalSection(ExtensibilityGlobals) = postSolution
		SolutionGuid = {658EA4E3-896A-422C-B1E1-5EE34B7DEE02}
	EndGlobalSection
EndGlobal
